
Microsoft Visual Studio Solution File, Format Version 12.00
# Visual Studio 15
VisualStudioVersion = 15.0.28307.102
MinimumVisualStudioVersion = 10.0.40219.1
Project("{FAE04EC0-301F-11D3-BF4B-00C04F79EFBC}") = "taller repaso 2", "taller repaso 2\taller repaso 2.csproj", "{2F082904-7A03-4E85-8382-06846569FEFD}"
EndProject
Global
	GlobalSection(SolutionConfigurationPlatforms) = preSolution
		Debug|Any CPU = Debug|Any CPU
		Release|Any CPU = Release|Any CPU
	EndGlobalSection
	GlobalSection(ProjectConfigurationPlatforms) = postSolution
		{2F082904-7A03-4E85-8382-06846569FEFD}.Debug|Any CPU.ActiveCfg = Debug|Any CPU
		{2F082904-7A03-4E85-8382-06846569FEFD}.Debug|Any CPU.Build.0 = Debug|Any CPU
		{2F082904-7A03-4E85-8382-06846569FEFD}.Release|Any CPU.ActiveCfg = Release|Any CPU
		{2F082904-7A03-4E85-8382-06846569FEFD}.Release|Any CPU.Build.0 = Release|Any CPU
	EndGlobalSection
	GlobalSection(SolutionProperties) = preSolution
		HideSolutionNode = FALSE
	EndGlobalSection
	GlobalSection(ExtensibilityGlobals) = postSolution
		SolutionGuid = {D755AF19-A0EF-4E0B-B4E6-07A4AAD1597A}
	EndGlobalSection
EndGlobal
